
Microsoft Visual Studio Solution File, Format Version 12.00
# Visual Studio Version 16
VisualStudioVersion = 16.0.31624.102
MinimumVisualStudioVersion = 10.0.40219.1
Project("{FAE04EC0-301F-11D3-BF4B-00C04F79EFBC}") = "TicTacToe_Console", "TicTacToe_Console\TicTacToe_Console.csproj", "{219A8D66-01B1-4C9F-B0B6-2B3F6706A842}"
EndProject
Global
	GlobalSection(SolutionConfigurationPlatforms) = preSolution
		Debug|Any CPU = Debug|Any CPU
		Release|Any CPU = Release|Any CPU
	EndGlobalSection
	GlobalSection(ProjectConfigurationPlatforms) = postSolution
		{219A8D66-01B1-4C9F-B0B6-2B3F6706A842}.Debug|Any CPU.ActiveCfg = Debug|Any CPU
		{219A8D66-01B1-4C9F-B0B6-2B3F6706A842}.Debug|Any CPU.Build.0 = Debug|Any CPU
		{219A8D66-01B1-4C9F-B0B6-2B3F6706A842}.Release|Any CPU.ActiveCfg = Release|Any CPU
		{219A8D66-01B1-4C9F-B0B6-2B3F6706A842}.Release|Any CPU.Build.0 = Release|Any CPU
	EndGlobalSection
	GlobalSection(SolutionProperties) = preSolution
		HideSolutionNode = FALSE
	EndGlobalSection
	GlobalSection(ExtensibilityGlobals) = postSolution
		SolutionGuid = {96BBE2D3-77D6-4B3D-B347-B513739D1CB4}
	EndGlobalSection
EndGlobal
