
Microsoft Visual Studio Solution File, Format Version 12.00
# Visual Studio Version 16
VisualStudioVersion = 16.0.31624.102
MinimumVisualStudioVersion = 10.0.40219.1
Project("{FAE04EC0-301F-11D3-BF4B-00C04F79EFBC}") = "TicTacToe_WPF", "TicTacToe_WPF\TicTacToe_WPF.csproj", "{4109271E-F193-42F2-BE2B-EF57A9B9183B}"
EndProject
Global
	GlobalSection(SolutionConfigurationPlatforms) = preSolution
		Debug|Any CPU = Debug|Any CPU
		Release|Any CPU = Release|Any CPU
	EndGlobalSection
	GlobalSection(ProjectConfigurationPlatforms) = postSolution
		{4109271E-F193-42F2-BE2B-EF57A9B9183B}.Debug|Any CPU.ActiveCfg = Debug|Any CPU
		{4109271E-F193-42F2-BE2B-EF57A9B9183B}.Debug|Any CPU.Build.0 = Debug|Any CPU
		{4109271E-F193-42F2-BE2B-EF57A9B9183B}.Release|Any CPU.ActiveCfg = Release|Any CPU
		{4109271E-F193-42F2-BE2B-EF57A9B9183B}.Release|Any CPU.Build.0 = Release|Any CPU
	EndGlobalSection
	GlobalSection(SolutionProperties) = preSolution
		HideSolutionNode = FALSE
	EndGlobalSection
	GlobalSection(ExtensibilityGlobals) = postSolution
		SolutionGuid = {FC62E58E-EFE3-4660-906E-4180A82D0783}
	EndGlobalSection
EndGlobal
